// !$*UTF8*$!
{
	archiveVersion = 1;
	classes = {
	};
	objectVersion = 46;
	objects = {

/* Begin PBXBuildFile section */
		3E0031931C11C7BF000ACA36 /* AppDelegate.swift in Sources */ = {isa = PBXBuildFile; fileRef = 3E0031921C11C7BF000ACA36 /* AppDelegate.swift */; };
		3E0031951C11C7BF000ACA36 /* HomeViewController.swift in Sources */ = {isa = PBXBuildFile; fileRef = 3E0031941C11C7BF000ACA36 /* HomeViewController.swift */; };
		3E0031981C11C7BF000ACA36 /* Main.storyboard in Resources */ = {isa = PBXBuildFile; fileRef = 3E0031961C11C7BF000ACA36 /* Main.storyboard */; };
		3E00319A1C11C7BF000ACA36 /* Assets.xcassets in Resources */ = {isa = PBXBuildFile; fileRef = 3E0031991C11C7BF000ACA36 /* Assets.xcassets */; };
		3E00319D1C11C7BF000ACA36 /* LaunchScreen.storyboard in Resources */ = {isa = PBXBuildFile; fileRef = 3E00319B1C11C7BF000ACA36 /* LaunchScreen.storyboard */; };
		3E0031A51C11C7D1000ACA36 /* HealthKit.framework in Frameworks */ = {isa = PBXBuildFile; fileRef = 3E0031A41C11C7D1000ACA36 /* HealthKit.framework */; };
		3E0031A81C15937D000ACA36 /* HealthKitManager.swift in Sources */ = {isa = PBXBuildFile; fileRef = 3E0031A71C15937D000ACA36 /* HealthKitManager.swift */; };
		3E357F991C183549009BF34C /* HealthArchiveManager.swift in Sources */ = {isa = PBXBuildFile; fileRef = 3E357F981C183549009BF34C /* HealthArchiveManager.swift */; };
		3E357F9D1C188681009BF34C /* Settings.swift in Sources */ = {isa = PBXBuildFile; fileRef = 3E357F9C1C188681009BF34C /* Settings.swift */; };
		3E77A5811C20154B00462EC8 /* SettingsTableViewController.swift in Sources */ = {isa = PBXBuildFile; fileRef = 3E77A5801C20154B00462EC8 /* SettingsTableViewController.swift */; };
		3EC1E9101C1B0C2100AC7CB4 /* OAuthConfig.swift in Sources */ = {isa = PBXBuildFile; fileRef = 3EC1E90F1C1B0C2100AC7CB4 /* OAuthConfig.swift */; };
		3EC1E9121C1B0D7800AC7CB4 /* AuthenticationViewController.swift in Sources */ = {isa = PBXBuildFile; fileRef = 3EC1E9111C1B0D7700AC7CB4 /* AuthenticationViewController.swift */; };
		3EC1E9161C1EF87900AC7CB4 /* Config.plist in Resources */ = {isa = PBXBuildFile; fileRef = 3EC1E9151C1EF87900AC7CB4 /* Config.plist */; };
/* End PBXBuildFile section */

/* Begin PBXFileReference section */
		3E00318F1C11C7BF000ACA36 /* mhelse.app */ = {isa = PBXFileReference; explicitFileType = wrapper.application; includeInIndex = 0; path = mhelse.app; sourceTree = BUILT_PRODUCTS_DIR; };
		3E0031921C11C7BF000ACA36 /* AppDelegate.swift */ = {isa = PBXFileReference; lastKnownFileType = sourcecode.swift; path = AppDelegate.swift; sourceTree = "<group>"; };
		3E0031941C11C7BF000ACA36 /* HomeViewController.swift */ = {isa = PBXFileReference; lastKnownFileType = sourcecode.swift; path = HomeViewController.swift; sourceTree = "<group>"; };
		3E0031971C11C7BF000ACA36 /* Base */ = {isa = PBXFileReference; lastKnownFileType = file.storyboard; name = Base; path = Base.lproj/Main.storyboard; sourceTree = "<group>"; };
		3E0031991C11C7BF000ACA36 /* Assets.xcassets */ = {isa = PBXFileReference; lastKnownFileType = folder.assetcatalog; path = Assets.xcassets; sourceTree = "<group>"; };
		3E00319C1C11C7BF000ACA36 /* Base */ = {isa = PBXFileReference; lastKnownFileType = file.storyboard; name = Base; path = Base.lproj/LaunchScreen.storyboard; sourceTree = "<group>"; };
		3E00319E1C11C7BF000ACA36 /* Info.plist */ = {isa = PBXFileReference; lastKnownFileType = text.plist.xml; path = Info.plist; sourceTree = "<group>"; };
		3E0031A41C11C7D1000ACA36 /* HealthKit.framework */ = {isa = PBXFileReference; lastKnownFileType = wrapper.framework; name = HealthKit.framework; path = System/Library/Frameworks/HealthKit.framework; sourceTree = SDKROOT; };
		3E0031A61C11C7D1000ACA36 /* mhelse.entitlements */ = {isa = PBXFileReference; lastKnownFileType = text.xml; path = mhelse.entitlements; sourceTree = "<group>"; };
		3E0031A71C15937D000ACA36 /* HealthKitManager.swift */ = {isa = PBXFileReference; fileEncoding = 4; lastKnownFileType = sourcecode.swift; path = HealthKitManager.swift; sourceTree = "<group>"; };
		3E357F981C183549009BF34C /* HealthArchiveManager.swift */ = {isa = PBXFileReference; fileEncoding = 4; lastKnownFileType = sourcecode.swift; path = HealthArchiveManager.swift; sourceTree = "<group>"; };
		3E357F9C1C188681009BF34C /* Settings.swift */ = {isa = PBXFileReference; fileEncoding = 4; lastKnownFileType = sourcecode.swift; path = Settings.swift; sourceTree = "<group>"; };
		3E77A5801C20154B00462EC8 /* SettingsTableViewController.swift */ = {isa = PBXFileReference; fileEncoding = 4; lastKnownFileType = sourcecode.swift; path = SettingsTableViewController.swift; sourceTree = "<group>"; };
		3EC1E90F1C1B0C2100AC7CB4 /* OAuthConfig.swift */ = {isa = PBXFileReference; fileEncoding = 4; lastKnownFileType = sourcecode.swift; path = OAuthConfig.swift; sourceTree = "<group>"; };
		3EC1E9111C1B0D7700AC7CB4 /* AuthenticationViewController.swift */ = {isa = PBXFileReference; fileEncoding = 4; lastKnownFileType = sourcecode.swift; path = AuthenticationViewController.swift; sourceTree = "<group>"; };
		3EC1E9151C1EF87900AC7CB4 /* Config.plist */ = {isa = PBXFileReference; fileEncoding = 4; lastKnownFileType = text.plist.xml; path = Config.plist; sourceTree = "<group>"; };
/* End PBXFileReference section */

/* Begin PBXFrameworksBuildPhase section */
		3E00318C1C11C7BF000ACA36 /* Frameworks */ = {
			isa = PBXFrameworksBuildPhase;
			buildActionMask = 2147483647;
			files = (
				3E0031A51C11C7D1000ACA36 /* HealthKit.framework in Frameworks */,
			);
			runOnlyForDeploymentPostprocessing = 0;
		};
/* End PBXFrameworksBuildPhase section */

/* Begin PBXGroup section */
		3E0031861C11C7BF000ACA36 = {
			isa = PBXGroup;
			children = (
				3E0031A41C11C7D1000ACA36 /* HealthKit.framework */,
				3E0031911C11C7BF000ACA36 /* mhelse */,
				3E0031901C11C7BF000ACA36 /* Products */,
			);
			sourceTree = "<group>";
		};
		3E0031901C11C7BF000ACA36 /* Products */ = {
			isa = PBXGroup;
			children = (
				3E00318F1C11C7BF000ACA36 /* mhelse.app */,
			);
			name = Products;
			sourceTree = "<group>";
		};
		3E0031911C11C7BF000ACA36 /* mhelse */ = {
			isa = PBXGroup;
			children = (
				3E77A5801C20154B00462EC8 /* SettingsTableViewController.swift */,
				3E0031A61C11C7D1000ACA36 /* mhelse.entitlements */,
				3E0031921C11C7BF000ACA36 /* AppDelegate.swift */,
				3E0031941C11C7BF000ACA36 /* HomeViewController.swift */,
				3E0031961C11C7BF000ACA36 /* Main.storyboard */,
				3E0031991C11C7BF000ACA36 /* Assets.xcassets */,
				3E00319B1C11C7BF000ACA36 /* LaunchScreen.storyboard */,
				3E00319E1C11C7BF000ACA36 /* Info.plist */,
				3E0031A71C15937D000ACA36 /* HealthKitManager.swift */,
				3E357F981C183549009BF34C /* HealthArchiveManager.swift */,
				3E357F9C1C188681009BF34C /* Settings.swift */,
				3EC1E90F1C1B0C2100AC7CB4 /* OAuthConfig.swift */,
				3EC1E9111C1B0D7700AC7CB4 /* AuthenticationViewController.swift */,
				3EC1E9151C1EF87900AC7CB4 /* Config.plist */,
			);
			path = mhelse;
			sourceTree = "<group>";
		};
/* End PBXGroup section */

/* Begin PBXNativeTarget section */
		3E00318E1C11C7BF000ACA36 /* mhelse */ = {
			isa = PBXNativeTarget;
			buildConfigurationList = 3E0031A11C11C7BF000ACA36 /* Build configuration list for PBXNativeTarget "mhelse" */;
			buildPhases = (
				3E00318B1C11C7BF000ACA36 /* Sources */,
				3E00318C1C11C7BF000ACA36 /* Frameworks */,
				3E00318D1C11C7BF000ACA36 /* Resources */,
			);
			buildRules = (
			);
			dependencies = (
			);
			name = mhelse;
			productName = mhelse;
			productReference = 3E00318F1C11C7BF000ACA36 /* mhelse.app */;
			productType = "com.apple.product-type.application";
		};
/* End PBXNativeTarget section */

/* Begin PBXProject section */
		3E0031871C11C7BF000ACA36 /* Project object */ = {
			isa = PBXProject;
			attributes = {
				LastSwiftUpdateCheck = 0710;
				LastUpgradeCheck = 0810;
				ORGANIZATIONNAME = "Carlo Diaz";
				TargetAttributes = {
					3E00318E1C11C7BF000ACA36 = {
						CreatedOnToolsVersion = 7.1.1;
						DevelopmentTeam = 4X43L5TY93;
						LastSwiftMigration = 0810;
						SystemCapabilities = {
							com.apple.HealthKit = {
								enabled = 1;
							};
						};
					};
				};
			};
			buildConfigurationList = 3E00318A1C11C7BF000ACA36 /* Build configuration list for PBXProject "mhelse" */;
			compatibilityVersion = "Xcode 3.2";
			developmentRegion = English;
			hasScannedForEncodings = 0;
			knownRegions = (
				en,
				Base,
			);
			mainGroup = 3E0031861C11C7BF000ACA36;
			productRefGroup = 3E0031901C11C7BF000ACA36 /* Products */;
			projectDirPath = "";
			projectRoot = "";
			targets = (
				3E00318E1C11C7BF000ACA36 /* mhelse */,
			);
		};
/* End PBXProject section */

/* Begin PBXResourcesBuildPhase section */
		3E00318D1C11C7BF000ACA36 /* Resources */ = {
			isa = PBXResourcesBuildPhase;
			buildActionMask = 2147483647;
			files = (
				3E00319D1C11C7BF000ACA36 /* LaunchScreen.storyboard in Resources */,
				3E00319A1C11C7BF000ACA36 /* Assets.xcassets in Resources */,
				3EC1E9161C1EF87900AC7CB4 /* Config.plist in Resources */,
				3E0031981C11C7BF000ACA36 /* Main.storyboard in Resources */,
			);
			runOnlyForDeploymentPostprocessing = 0;
		};
/* End PBXResourcesBuildPhase section */

/* Begin PBXSourcesBuildPhase section */
		3E00318B1C11C7BF000ACA36 /* Sources */ = {
			isa = PBXSourcesBuildPhase;
			buildActionMask = 2147483647;
			files = (
				3E357F9D1C188681009BF34C /* Settings.swift in Sources */,
				3EC1E9101C1B0C2100AC7CB4 /* OAuthConfig.swift in Sources */,
				3E357F991C183549009BF34C /* HealthArchiveManager.swift in Sources */,
				3EC1E9121C1B0D7800AC7CB4 /* AuthenticationViewController.swift in Sources */,
				3E77A5811C20154B00462EC8 /* SettingsTableViewController.swift in Sources */,
				3E0031951C11C7BF000ACA36 /* HomeViewController.swift in Sources */,
				3E0031A81C15937D000ACA36 /* HealthKitManager.swift in Sources */,
				3E0031931C11C7BF000ACA36 /* AppDelegate.swift in Sources */,
			);
			runOnlyForDeploymentPostprocessing = 0;
		};
/* End PBXSourcesBuildPhase section */

/* Begin PBXVariantGroup section */
		3E0031961C11C7BF000ACA36 /* Main.storyboard */ = {
			isa = PBXVariantGroup;
			children = (
				3E0031971C11C7BF000ACA36 /* Base */,
			);
			name = Main.storyboard;
			sourceTree = "<group>";
		};
		3E00319B1C11C7BF000ACA36 /* LaunchScreen.storyboard */ = {
			isa = PBXVariantGroup;
			children = (
				3E00319C1C11C7BF000ACA36 /* Base */,
			);
			name = LaunchScreen.storyboard;
			sourceTree = "<group>";
		};
/* End PBXVariantGroup section */

/* Begin XCBuildConfiguration section */
		3E00319F1C11C7BF000ACA36 /* Debug */ = {
			isa = XCBuildConfiguration;
			buildSettings = {
				ALWAYS_SEARCH_USER_PATHS = NO;
				CLANG_CXX_LANGUAGE_STANDARD = "gnu++0x";
				CLANG_CXX_LIBRARY = "libc++";
				CLANG_ENABLE_MODULES = YES;
				CLANG_ENABLE_OBJC_ARC = YES;
				CLANG_WARN_BOOL_CONVERSION = YES;
				CLANG_WARN_CONSTANT_CONVERSION = YES;
				CLANG_WARN_DIRECT_OBJC_ISA_USAGE = YES_ERROR;
				CLANG_WARN_EMPTY_BODY = YES;
				CLANG_WARN_ENUM_CONVERSION = YES;
				CLANG_WARN_INFINITE_RECURSION = YES;
				CLANG_WARN_INT_CONVERSION = YES;
				CLANG_WARN_OBJC_ROOT_CLASS = YES_ERROR;
				CLANG_WARN_SUSPICIOUS_MOVE = YES;
				CLANG_WARN_UNREACHABLE_CODE = YES;
				CLANG_WARN__DUPLICATE_METHOD_MATCH = YES;
				"CODE_SIGN_IDENTITY[sdk=iphoneos*]" = "iPhone Developer";
				COPY_PHASE_STRIP = NO;
				DEBUG_INFORMATION_FORMAT = dwarf;
				ENABLE_STRICT_OBJC_MSGSEND = YES;
				ENABLE_TESTABILITY = YES;
				GCC_C_LANGUAGE_STANDARD = gnu99;
				GCC_DYNAMIC_NO_PIC = NO;
				GCC_NO_COMMON_BLOCKS = YES;
				GCC_OPTIMIZATION_LEVEL = 0;
				GCC_PREPROCESSOR_DEFINITIONS = (
					"DEBUG=1",
					"$(inherited)",
				);
				GCC_WARN_64_TO_32_BIT_CONVERSION = YES;
				GCC_WARN_ABOUT_RETURN_TYPE = YES_ERROR;
				GCC_WARN_UNDECLARED_SELECTOR = YES;
				GCC_WARN_UNINITIALIZED_AUTOS = YES_AGGRESSIVE;
				GCC_WARN_UNUSED_FUNCTION = YES;
				GCC_WARN_UNUSED_VARIABLE = YES;
				IPHONEOS_DEPLOYMENT_TARGET = 9.1;
				MTL_ENABLE_DEBUG_INFO = YES;
				ONLY_ACTIVE_ARCH = YES;
				SDKROOT = iphoneos;
				SWIFT_OPTIMIZATION_LEVEL = "-Onone";
				TARGETED_DEVICE_FAMILY = "1,2";
			};
			name = Debug;
		};
		3E0031A01C11C7BF000ACA36 /* Release */ = {
			isa = XCBuildConfiguration;
			buildSettings = {
				ALWAYS_SEARCH_USER_PATHS = NO;
				CLANG_CXX_LANGUAGE_STANDARD = "gnu++0x";
				CLANG_CXX_LIBRARY = "libc++";
				CLANG_ENABLE_MODULES = YES;
				CLANG_ENABLE_OBJC_ARC = YES;
				CLANG_WARN_BOOL_CONVERSION = YES;
				CLANG_WARN_CONSTANT_CONVERSION = YES;
				CLANG_WARN_DIRECT_OBJC_ISA_USAGE = YES_ERROR;
				CLANG_WARN_EMPTY_BODY = YES;
				CLANG_WARN_ENUM_CONVERSION = YES;
				CLANG_WARN_INFINITE_RECURSION = YES;
				CLANG_WARN_INT_CONVERSION = YES;
				CLANG_WARN_OBJC_ROOT_CLASS = YES_ERROR;
				CLANG_WARN_SUSPICIOUS_MOVE = YES;
				CLANG_WARN_UNREACHABLE_CODE = YES;
				CLANG_WARN__DUPLICATE_METHOD_MATCH = YES;
				"CODE_SIGN_IDENTITY[sdk=iphoneos*]" = "iPhone Developer";
				COPY_PHASE_STRIP = NO;
				DEBUG_INFORMATION_FORMAT = "dwarf-with-dsym";
				ENABLE_NS_ASSERTIONS = NO;
				ENABLE_STRICT_OBJC_MSGSEND = YES;
				GCC_C_LANGUAGE_STANDARD = gnu99;
				GCC_NO_COMMON_BLOCKS = YES;
				GCC_WARN_64_TO_32_BIT_CONVERSION = YES;
				GCC_WARN_ABOUT_RETURN_TYPE = YES_ERROR;
				GCC_WARN_UNDECLARED_SELECTOR = YES;
				GCC_WARN_UNINITIALIZED_AUTOS = YES_AGGRESSIVE;
				GCC_WARN_UNUSED_FUNCTION = YES;
				GCC_WARN_UNUSED_VARIABLE = YES;
				IPHONEOS_DEPLOYMENT_TARGET = 9.1;
				MTL_ENABLE_DEBUG_INFO = NO;
				SDKROOT = iphoneos;
				SWIFT_OPTIMIZATION_LEVEL = "-Owholemodule";
				TARGETED_DEVICE_FAMILY = "1,2";
				VALIDATE_PRODUCT = YES;
			};
			name = Release;
		};
		3E0031A21C11C7BF000ACA36 /* Debug */ = {
			isa = XCBuildConfiguration;
			buildSettings = {
				ASSETCATALOG_COMPILER_APPICON_NAME = AppIcon;
				CODE_SIGN_ENTITLEMENTS = mhelse/mhelse.entitlements;
				CODE_SIGN_IDENTITY = "iPhone Developer";
				"CODE_SIGN_IDENTITY[sdk=iphoneos*]" = "iPhone Developer";
				DEVELOPMENT_TEAM = 4X43L5TY93;
				INFOPLIST_FILE = mhelse/Info.plist;
				LD_RUNPATH_SEARCH_PATHS = "$(inherited) @executable_path/Frameworks";
				PRODUCT_BUNDLE_IDENTIFIER = mhelse.ehelse;
				PRODUCT_NAME = "$(TARGET_NAME)";
				PROVISIONING_PROFILE = "";
				SWIFT_VERSION = 3.0;
				TARGETED_DEVICE_FAMILY = 1;
			};
			name = Debug;
		};
		3E0031A31C11C7BF000ACA36 /* Release */ = {
			isa = XCBuildConfiguration;
			buildSettings = {
				ASSETCATALOG_COMPILER_APPICON_NAME = AppIcon;
				CODE_SIGN_ENTITLEMENTS = mhelse/mhelse.entitlements;
				CODE_SIGN_IDENTITY = "iPhone Developer";
				"CODE_SIGN_IDENTITY[sdk=iphoneos*]" = "iPhone Developer";
				DEVELOPMENT_TEAM = 4X43L5TY93;
				INFOPLIST_FILE = mhelse/Info.plist;
				LD_RUNPATH_SEARCH_PATHS = "$(inherited) @executable_path/Frameworks";
				PRODUCT_BUNDLE_IDENTIFIER = mhelse.ehelse;
				PRODUCT_NAME = "$(TARGET_NAME)";
				PROVISIONING_PROFILE = "";
				SWIFT_VERSION = 3.0;
				TARGETED_DEVICE_FAMILY = 1;
			};
			name = Release;
		};
/* End XCBuildConfiguration section */

/* Begin XCConfigurationList section */
		3E00318A1C11C7BF000ACA36 /* Build configuration list for PBXProject "mhelse" */ = {
			isa = XCConfigurationList;
			buildConfigurations = (
				3E00319F1C11C7BF000ACA36 /* Debug */,
				3E0031A01C11C7BF000ACA36 /* Release */,
			);
			defaultConfigurationIsVisible = 0;
			defaultConfigurationName = Release;
		};
		3E0031A11C11C7BF000ACA36 /* Build configuration list for PBXNativeTarget "mhelse" */ = {
			isa = XCConfigurationList;
			buildConfigurations = (
				3E0031A21C11C7BF000ACA36 /* Debug */,
				3E0031A31C11C7BF000ACA36 /* Release */,
			);
			defaultConfigurationIsVisible = 0;
			defaultConfigurationName = Release;
		};
/* End XCConfigurationList section */
	};
	rootObject = 3E0031871C11C7BF000ACA36 /* Project object */;
}
